
Microsoft Visual Studio Solution File, Format Version 12.00
# Visual Studio Version 17
VisualStudioVersion = 17.9.34728.123
MinimumVisualStudioVersion = 10.0.40219.1
Project("{FAE04EC0-301F-11D3-BF4B-00C04F79EFBC}") = "dotnet8mvcapp", "dotnet8mvcapp.csproj", "{2BB995A2-5CB9-42F5-8DAC-C0B8831BD94D}"
EndProject
Global
	GlobalSection(SolutionConfigurationPlatforms) = preSolution
		Debug|Any CPU = Debug|Any CPU
		Release|Any CPU = Release|Any CPU
	EndGlobalSection
	GlobalSection(ProjectConfigurationPlatforms) = postSolution
		{2BB995A2-5CB9-42F5-8DAC-C0B8831BD94D}.Debug|Any CPU.ActiveCfg = Debug|Any CPU
		{2BB995A2-5CB9-42F5-8DAC-C0B8831BD94D}.Debug|Any CPU.Build.0 = Debug|Any CPU
		{2BB995A2-5CB9-42F5-8DAC-C0B8831BD94D}.Release|Any CPU.ActiveCfg = Release|Any CPU
		{2BB995A2-5CB9-42F5-8DAC-C0B8831BD94D}.Release|Any CPU.Build.0 = Release|Any CPU
	EndGlobalSection
	GlobalSection(SolutionProperties) = preSolution
		HideSolutionNode = FALSE
	EndGlobalSection
	GlobalSection(ExtensibilityGlobals) = postSolution
		SolutionGuid = {779E202B-A3DB-47B6-B56A-5F2A9D2D8FCC}
	EndGlobalSection
EndGlobal
